
Microsoft Visual Studio Solution File, Format Version 12.00
# Visual Studio 2013
VisualStudioVersion = 12.0.21005.1
MinimumVisualStudioVersion = 10.0.40219.1
Project("{FAE04EC0-301F-11D3-BF4B-00C04F79EFBC}") = "ColorConquerServer", "Server\ColorConquerServer.csproj", "{0130F36A-9120-49E7-A0D4-2EC91D0A373A}"
EndProject
Project("{FAE04EC0-301F-11D3-BF4B-00C04F79EFBC}") = "Extensions", "..\Extensions\Extensions\Extensions.csproj", "{5B845D86-AE90-40BC-9950-25F4D03C016A}"
EndProject
Global
	GlobalSection(SolutionConfigurationPlatforms) = preSolution
		Debug|Any CPU = Debug|Any CPU
		Debug|x64 = Debug|x64
		Release|Any CPU = Release|Any CPU
		Release|x64 = Release|x64
	EndGlobalSection
	GlobalSection(ProjectConfigurationPlatforms) = postSolution
		{0130F36A-9120-49E7-A0D4-2EC91D0A373A}.Debug|Any CPU.ActiveCfg = Debug|Any CPU
		{0130F36A-9120-49E7-A0D4-2EC91D0A373A}.Debug|Any CPU.Build.0 = Debug|Any CPU
		{0130F36A-9120-49E7-A0D4-2EC91D0A373A}.Debug|x64.ActiveCfg = Debug|Any CPU
		{0130F36A-9120-49E7-A0D4-2EC91D0A373A}.Release|Any CPU.ActiveCfg = Release|Any CPU
		{0130F36A-9120-49E7-A0D4-2EC91D0A373A}.Release|Any CPU.Build.0 = Release|Any CPU
		{0130F36A-9120-49E7-A0D4-2EC91D0A373A}.Release|x64.ActiveCfg = Release|Any CPU
		{5B845D86-AE90-40BC-9950-25F4D03C016A}.Debug|Any CPU.ActiveCfg = Debug|Any CPU
		{5B845D86-AE90-40BC-9950-25F4D03C016A}.Debug|Any CPU.Build.0 = Debug|Any CPU
		{5B845D86-AE90-40BC-9950-25F4D03C016A}.Debug|x64.ActiveCfg = Debug|Any CPU
		{5B845D86-AE90-40BC-9950-25F4D03C016A}.Release|Any CPU.ActiveCfg = Release|Any CPU
		{5B845D86-AE90-40BC-9950-25F4D03C016A}.Release|Any CPU.Build.0 = Release|Any CPU
		{5B845D86-AE90-40BC-9950-25F4D03C016A}.Release|x64.ActiveCfg = Release|Any CPU
	EndGlobalSection
	GlobalSection(SolutionProperties) = preSolution
		HideSolutionNode = FALSE
	EndGlobalSection
EndGlobal
